{
  "name": "gnodedge",
  "version": "0.0.1",
  "lockfileVersion": 2,
  "requires": true,
  "packages": {
    "": {
      "name": "gnodedge",
      "version": "0.0.1",
      "license": "GPL-2.0",
      "dependencies": {
        "csv-parse": "^5.3.10"
      },
      "devDependencies": {}
    },
    "node_modules/csv-parse": {
      "version": "5.3.10",
      "resolved": "https://registry.npmjs.org/csv-parse/-/csv-parse-5.3.10.tgz",
      "integrity": "sha512-cTXY6iy0gN5Ha/cGILeDgQE+nKiKDU2m0DjSRdJhr86BN3cM7oefBsTk2aH0LQeaYtL7Z7HvW+jYoadmdhzeDA=="
    }
  },
  "dependencies": {
    "csv-parse": {
      "version": "5.3.10",
      "resolved": "https://registry.npmjs.org/csv-parse/-/csv-parse-5.3.10.tgz",
      "integrity": "sha512-cTXY6iy0gN5Ha/cGILeDgQE+nKiKDU2m0DjSRdJhr86BN3cM7oefBsTk2aH0LQeaYtL7Z7HvW+jYoadmdhzeDA=="
    }
  }
}
